
Microsoft Visual Studio Solution File, Format Version 12.00
# Visual Studio Version 16
VisualStudioVersion = 16.0.32407.337
MinimumVisualStudioVersion = 10.0.40219.1
Project("{9A19103F-16F7-4668-BE54-9A1E7A4F7556}") = "ConsoleApp1", "ConsoleApp1\ConsoleApp1.csproj", "{317F85D1-C7BB-4CC7-88D4-1151DB785388}"
EndProject
Project("{FAE04EC0-301F-11D3-BF4B-00C04F79EFBC}") = "ConsoleApp2", "ConsoleApp2\ConsoleApp2.csproj", "{8A796CE3-4AEF-45DA-BADE-1EFDB769FF40}"
EndProject
Project("{FAE04EC0-301F-11D3-BF4B-00C04F79EFBC}") = "WebApplication1", "WebApplication1\WebApplication1.csproj", "{AEDE4755-C21F-4A06-A221-85F13A7E5520}"
EndProject
Global
	GlobalSection(SolutionConfigurationPlatforms) = preSolution
		Debug|Any CPU = Debug|Any CPU
		Release|Any CPU = Release|Any CPU
	EndGlobalSection
	GlobalSection(ProjectConfigurationPlatforms) = postSolution
		{317F85D1-C7BB-4CC7-88D4-1151DB785388}.Debug|Any CPU.ActiveCfg = Debug|Any CPU
		{317F85D1-C7BB-4CC7-88D4-1151DB785388}.Debug|Any CPU.Build.0 = Debug|Any CPU
		{317F85D1-C7BB-4CC7-88D4-1151DB785388}.Release|Any CPU.ActiveCfg = Release|Any CPU
		{317F85D1-C7BB-4CC7-88D4-1151DB785388}.Release|Any CPU.Build.0 = Release|Any CPU
		{8A796CE3-4AEF-45DA-BADE-1EFDB769FF40}.Debug|Any CPU.ActiveCfg = Debug|Any CPU
		{8A796CE3-4AEF-45DA-BADE-1EFDB769FF40}.Debug|Any CPU.Build.0 = Debug|Any CPU
		{8A796CE3-4AEF-45DA-BADE-1EFDB769FF40}.Release|Any CPU.ActiveCfg = Release|Any CPU
		{8A796CE3-4AEF-45DA-BADE-1EFDB769FF40}.Release|Any CPU.Build.0 = Release|Any CPU
		{AEDE4755-C21F-4A06-A221-85F13A7E5520}.Debug|Any CPU.ActiveCfg = Debug|Any CPU
		{AEDE4755-C21F-4A06-A221-85F13A7E5520}.Debug|Any CPU.Build.0 = Debug|Any CPU
		{AEDE4755-C21F-4A06-A221-85F13A7E5520}.Release|Any CPU.ActiveCfg = Release|Any CPU
		{AEDE4755-C21F-4A06-A221-85F13A7E5520}.Release|Any CPU.Build.0 = Release|Any CPU
	EndGlobalSection
	GlobalSection(SolutionProperties) = preSolution
		HideSolutionNode = FALSE
	EndGlobalSection
	GlobalSection(ExtensibilityGlobals) = postSolution
		SolutionGuid = {A756E1E0-4416-44D4-B199-3A61992EE9E7}
	EndGlobalSection
EndGlobal
